// !$*UTF8*$!
{
	archiveVersion = 1;
	classes = {
	};
	objectVersion = 46;
	objects = {

/* Begin PBXBuildFile section */
		77D4D0361E45C2C3003D5A5F /* AppDelegate.swift in Sources */ = {isa = PBXBuildFile; fileRef = 77D4D0351E45C2C3003D5A5F /* AppDelegate.swift */; };
		77D4D0381E45C2C3003D5A5F /* ViewController.swift in Sources */ = {isa = PBXBuildFile; fileRef = 77D4D0371E45C2C3003D5A5F /* ViewController.swift */; };
		77D4D03B1E45C2C3003D5A5F /* Main.storyboard in Resources */ = {isa = PBXBuildFile; fileRef = 77D4D0391E45C2C3003D5A5F /* Main.storyboard */; };
		77D4D03E1E45C2C3003D5A5F /* FitChallenge.xcdatamodeld in Sources */ = {isa = PBXBuildFile; fileRef = 77D4D03C1E45C2C3003D5A5F /* FitChallenge.xcdatamodeld */; };
		77D4D0401E45C2C3003D5A5F /* Assets.xcassets in Resources */ = {isa = PBXBuildFile; fileRef = 77D4D03F1E45C2C3003D5A5F /* Assets.xcassets */; };
		77D4D0431E45C2C3003D5A5F /* LaunchScreen.storyboard in Resources */ = {isa = PBXBuildFile; fileRef = 77D4D0411E45C2C3003D5A5F /* LaunchScreen.storyboard */; };
/* End PBXBuildFile section */

/* Begin PBXFileReference section */
		77D4D0321E45C2C3003D5A5F /* FitChallenge.app */ = {isa = PBXFileReference; explicitFileType = wrapper.application; includeInIndex = 0; path = FitChallenge.app; sourceTree = BUILT_PRODUCTS_DIR; };
		77D4D0351E45C2C3003D5A5F /* AppDelegate.swift */ = {isa = PBXFileReference; lastKnownFileType = sourcecode.swift; path = AppDelegate.swift; sourceTree = "<group>"; };
		77D4D0371E45C2C3003D5A5F /* ViewController.swift */ = {isa = PBXFileReference; lastKnownFileType = sourcecode.swift; path = ViewController.swift; sourceTree = "<group>"; };
		77D4D03A1E45C2C3003D5A5F /* Base */ = {isa = PBXFileReference; lastKnownFileType = file.storyboard; name = Base; path = Base.lproj/Main.storyboard; sourceTree = "<group>"; };
		77D4D03D1E45C2C3003D5A5F /* FitChallenge.xcdatamodel */ = {isa = PBXFileReference; lastKnownFileType = wrapper.xcdatamodel; path = FitChallenge.xcdatamodel; sourceTree = "<group>"; };
		77D4D03F1E45C2C3003D5A5F /* Assets.xcassets */ = {isa = PBXFileReference; lastKnownFileType = folder.assetcatalog; path = Assets.xcassets; sourceTree = "<group>"; };
		77D4D0421E45C2C3003D5A5F /* Base */ = {isa = PBXFileReference; lastKnownFileType = file.storyboard; name = Base; path = Base.lproj/LaunchScreen.storyboard; sourceTree = "<group>"; };
		77D4D0441E45C2C3003D5A5F /* Info.plist */ = {isa = PBXFileReference; lastKnownFileType = text.plist.xml; path = Info.plist; sourceTree = "<group>"; };
/* End PBXFileReference section */

/* Begin PBXFrameworksBuildPhase section */
		77D4D02F1E45C2C3003D5A5F /* Frameworks */ = {
			isa = PBXFrameworksBuildPhase;
			buildActionMask = 2147483647;
			files = (
			);
			runOnlyForDeploymentPostprocessing = 0;
		};
/* End PBXFrameworksBuildPhase section */

/* Begin PBXGroup section */
		77D4D0291E45C2C3003D5A5F = {
			isa = PBXGroup;
			children = (
				77D4D0341E45C2C3003D5A5F /* FitChallenge */,
				77D4D0331E45C2C3003D5A5F /* Products */,
			);
			sourceTree = "<group>";
		};
		77D4D0331E45C2C3003D5A5F /* Products */ = {
			isa = PBXGroup;
			children = (
				77D4D0321E45C2C3003D5A5F /* FitChallenge.app */,
			);
			name = Products;
			sourceTree = "<group>";
		};
		77D4D0341E45C2C3003D5A5F /* FitChallenge */ = {
			isa = PBXGroup;
			children = (
				77D4D0351E45C2C3003D5A5F /* AppDelegate.swift */,
				77D4D0371E45C2C3003D5A5F /* ViewController.swift */,
				77D4D0391E45C2C3003D5A5F /* Main.storyboard */,
				77D4D03F1E45C2C3003D5A5F /* Assets.xcassets */,
				77D4D0411E45C2C3003D5A5F /* LaunchScreen.storyboard */,
				77D4D0441E45C2C3003D5A5F /* Info.plist */,
				77D4D03C1E45C2C3003D5A5F /* FitChallenge.xcdatamodeld */,
			);
			path = FitChallenge;
			sourceTree = "<group>";
		};
/* End PBXGroup section */

/* Begin PBXNativeTarget section */
		77D4D0311E45C2C3003D5A5F /* FitChallenge */ = {
			isa = PBXNativeTarget;
			buildConfigurationList = 77D4D0471E45C2C3003D5A5F /* Build configuration list for PBXNativeTarget "FitChallenge" */;
			buildPhases = (
				77D4D02E1E45C2C3003D5A5F /* Sources */,
				77D4D02F1E45C2C3003D5A5F /* Frameworks */,
				77D4D0301E45C2C3003D5A5F /* Resources */,
			);
			buildRules = (
			);
			dependencies = (
			);
			name = FitChallenge;
			productName = FitChallenge;
			productReference = 77D4D0321E45C2C3003D5A5F /* FitChallenge.app */;
			productType = "com.apple.product-type.application";
		};
/* End PBXNativeTarget section */

/* Begin PBXProject section */
		77D4D02A1E45C2C3003D5A5F /* Project object */ = {
			isa = PBXProject;
			attributes = {
				LastSwiftUpdateCheck = 0820;
				LastUpgradeCheck = 0820;
				ORGANIZATIONNAME = "Anton Makarov";
				TargetAttributes = {
					77D4D0311E45C2C3003D5A5F = {
						CreatedOnToolsVersion = 8.2.1;
						ProvisioningStyle = Automatic;
					};
				};
			};
			buildConfigurationList = 77D4D02D1E45C2C3003D5A5F /* Build configuration list for PBXProject "FitChallenge" */;
			compatibilityVersion = "Xcode 3.2";
			developmentRegion = English;
			hasScannedForEncodings = 0;
			knownRegions = (
				en,
				Base,
			);
			mainGroup = 77D4D0291E45C2C3003D5A5F;
			productRefGroup = 77D4D0331E45C2C3003D5A5F /* Products */;
			projectDirPath = "";
			projectRoot = "";
			targets = (
				77D4D0311E45C2C3003D5A5F /* FitChallenge */,
			);
		};
/* End PBXProject section */

/* Begin PBXResourcesBuildPhase section */
		77D4D0301E45C2C3003D5A5F /* Resources */ = {
			isa = PBXResourcesBuildPhase;
			buildActionMask = 2147483647;
			files = (
				77D4D0431E45C2C3003D5A5F /* LaunchScreen.storyboard in Resources */,
				77D4D0401E45C2C3003D5A5F /* Assets.xcassets in Resources */,
				77D4D03B1E45C2C3003D5A5F /* Main.storyboard in Resources */,
			);
			runOnlyForDeploymentPostprocessing = 0;
		};
/* End PBXResourcesBuildPhase section */

/* Begin PBXSourcesBuildPhase section */
		77D4D02E1E45C2C3003D5A5F /* Sources */ = {
			isa = PBXSourcesBuildPhase;
			buildActionMask = 2147483647;
			files = (
				77D4D03E1E45C2C3003D5A5F /* FitChallenge.xcdatamodeld in Sources */,
				77D4D0381E45C2C3003D5A5F /* ViewController.swift in Sources */,
				77D4D0361E45C2C3003D5A5F /* AppDelegate.swift in Sources */,
			);
			runOnlyForDeploymentPostprocessing = 0;
		};
/* End PBXSourcesBuildPhase section */

/* Begin PBXVariantGroup section */
		77D4D0391E45C2C3003D5A5F /* Main.storyboard */ = {
			isa = PBXVariantGroup;
			children = (
				77D4D03A1E45C2C3003D5A5F /* Base */,
			);
			name = Main.storyboard;
			sourceTree = "<group>";
		};
		77D4D0411E45C2C3003D5A5F /* LaunchScreen.storyboard */ = {
			isa = PBXVariantGroup;
			children = (
				77D4D0421E45C2C3003D5A5F /* Base */,
			);
			name = LaunchScreen.storyboard;
			sourceTree = "<group>";
		};
/* End PBXVariantGroup section */

/* Begin XCBuildConfiguration section */
		77D4D0451E45C2C3003D5A5F /* Debug */ = {
			isa = XCBuildConfiguration;
			buildSettings = {
				ALWAYS_SEARCH_USER_PATHS = NO;
				CLANG_ANALYZER_NONNULL = YES;
				CLANG_CXX_LANGUAGE_STANDARD = "gnu++0x";
				CLANG_CXX_LIBRARY = "libc++";
				CLANG_ENABLE_MODULES = YES;
				CLANG_ENABLE_OBJC_ARC = YES;
				CLANG_WARN_BOOL_CONVERSION = YES;
				CLANG_WARN_CONSTANT_CONVERSION = YES;
				CLANG_WARN_DIRECT_OBJC_ISA_USAGE = YES_ERROR;
				CLANG_WARN_DOCUMENTATION_COMMENTS = YES;
				CLANG_WARN_EMPTY_BODY = YES;
				CLANG_WARN_ENUM_CONVERSION = YES;
				CLANG_WARN_INFINITE_RECURSION = YES;
				CLANG_WARN_INT_CONVERSION = YES;
				CLANG_WARN_OBJC_ROOT_CLASS = YES_ERROR;
				CLANG_WARN_SUSPICIOUS_MOVE = YES;
				CLANG_WARN_UNREACHABLE_CODE = YES;
				CLANG_WARN__DUPLICATE_METHOD_MATCH = YES;
				"CODE_SIGN_IDENTITY[sdk=iphoneos*]" = "iPhone Developer";
				COPY_PHASE_STRIP = NO;
				DEBUG_INFORMATION_FORMAT = dwarf;
				ENABLE_STRICT_OBJC_MSGSEND = YES;
				ENABLE_TESTABILITY = YES;
				GCC_C_LANGUAGE_STANDARD = gnu99;
				GCC_DYNAMIC_NO_PIC = NO;
				GCC_NO_COMMON_BLOCKS = YES;
				GCC_OPTIMIZATION_LEVEL = 0;
				GCC_PREPROCESSOR_DEFINITIONS = (
					"DEBUG=1",
					"$(inherited)",
				);
				GCC_WARN_64_TO_32_BIT_CONVERSION = YES;
				GCC_WARN_ABOUT_RETURN_TYPE = YES_ERROR;
				GCC_WARN_UNDECLARED_SELECTOR = YES;
				GCC_WARN_UNINITIALIZED_AUTOS = YES_AGGRESSIVE;
				GCC_WARN_UNUSED_FUNCTION = YES;
				GCC_WARN_UNUSED_VARIABLE = YES;
				IPHONEOS_DEPLOYMENT_TARGET = 10.2;
				MTL_ENABLE_DEBUG_INFO = YES;
				ONLY_ACTIVE_ARCH = YES;
				SDKROOT = iphoneos;
				SWIFT_ACTIVE_COMPILATION_CONDITIONS = DEBUG;
				SWIFT_OPTIMIZATION_LEVEL = "-Onone";
			};
			name = Debug;
		};
		77D4D0461E45C2C3003D5A5F /* Release */ = {
			isa = XCBuildConfiguration;
			buildSettings = {
				ALWAYS_SEARCH_USER_PATHS = NO;
				CLANG_ANALYZER_NONNULL = YES;
				CLANG_CXX_LANGUAGE_STANDARD = "gnu++0x";
				CLANG_CXX_LIBRARY = "libc++";
				CLANG_ENABLE_MODULES = YES;
				CLANG_ENABLE_OBJC_ARC = YES;
				CLANG_WARN_BOOL_CONVERSION = YES;
				CLANG_WARN_CONSTANT_CONVERSION = YES;
				CLANG_WARN_DIRECT_OBJC_ISA_USAGE = YES_ERROR;
				CLANG_WARN_DOCUMENTATION_COMMENTS = YES;
				CLANG_WARN_EMPTY_BODY = YES;
				CLANG_WARN_ENUM_CONVERSION = YES;
				CLANG_WARN_INFINITE_RECURSION = YES;
				CLANG_WARN_INT_CONVERSION = YES;
				CLANG_WARN_OBJC_ROOT_CLASS = YES_ERROR;
				CLANG_WARN_SUSPICIOUS_MOVE = YES;
				CLANG_WARN_UNREACHABLE_CODE = YES;
				CLANG_WARN__DUPLICATE_METHOD_MATCH = YES;
				"CODE_SIGN_IDENTITY[sdk=iphoneos*]" = "iPhone Developer";
				COPY_PHASE_STRIP = NO;
				DEBUG_INFORMATION_FORMAT = "dwarf-with-dsym";
				ENABLE_NS_ASSERTIONS = NO;
				ENABLE_STRICT_OBJC_MSGSEND = YES;
				GCC_C_LANGUAGE_STANDARD = gnu99;
				GCC_NO_COMMON_BLOCKS = YES;
				GCC_WARN_64_TO_32_BIT_CONVERSION = YES;
				GCC_WARN_ABOUT_RETURN_TYPE = YES_ERROR;
				GCC_WARN_UNDECLARED_SELECTOR = YES;
				GCC_WARN_UNINITIALIZED_AUTOS = YES_AGGRESSIVE;
				GCC_WARN_UNUSED_FUNCTION = YES;
				GCC_WARN_UNUSED_VARIABLE = YES;
				IPHONEOS_DEPLOYMENT_TARGET = 10.2;
				MTL_ENABLE_DEBUG_INFO = NO;
				SDKROOT = iphoneos;
				SWIFT_OPTIMIZATION_LEVEL = "-Owholemodule";
				VALIDATE_PRODUCT = YES;
			};
			name = Release;
		};
		77D4D0481E45C2C3003D5A5F /* Debug */ = {
			isa = XCBuildConfiguration;
			buildSettings = {
				ASSETCATALOG_COMPILER_APPICON_NAME = AppIcon;
				INFOPLIST_FILE = FitChallenge/Info.plist;
				LD_RUNPATH_SEARCH_PATHS = "$(inherited) @executable_path/Frameworks";
				PRODUCT_BUNDLE_IDENTIFIER = ITMak.FitChallenge;
				PRODUCT_NAME = "$(TARGET_NAME)";
				SWIFT_VERSION = 3.0;
			};
			name = Debug;
		};
		77D4D0491E45C2C3003D5A5F /* Release */ = {
			isa = XCBuildConfiguration;
			buildSettings = {
				ASSETCATALOG_COMPILER_APPICON_NAME = AppIcon;
				INFOPLIST_FILE = FitChallenge/Info.plist;
				LD_RUNPATH_SEARCH_PATHS = "$(inherited) @executable_path/Frameworks";
				PRODUCT_BUNDLE_IDENTIFIER = ITMak.FitChallenge;
				PRODUCT_NAME = "$(TARGET_NAME)";
				SWIFT_VERSION = 3.0;
			};
			name = Release;
		};
/* End XCBuildConfiguration section */

/* Begin XCConfigurationList section */
		77D4D02D1E45C2C3003D5A5F /* Build configuration list for PBXProject "FitChallenge" */ = {
			isa = XCConfigurationList;
			buildConfigurations = (
				77D4D0451E45C2C3003D5A5F /* Debug */,
				77D4D0461E45C2C3003D5A5F /* Release */,
			);
			defaultConfigurationIsVisible = 0;
			defaultConfigurationName = Release;
		};
		77D4D0471E45C2C3003D5A5F /* Build configuration list for PBXNativeTarget "FitChallenge" */ = {
			isa = XCConfigurationList;
			buildConfigurations = (
				77D4D0481E45C2C3003D5A5F /* Debug */,
				77D4D0491E45C2C3003D5A5F /* Release */,
			);
			defaultConfigurationIsVisible = 0;
		};
/* End XCConfigurationList section */

/* Begin XCVersionGroup section */
		77D4D03C1E45C2C3003D5A5F /* FitChallenge.xcdatamodeld */ = {
			isa = XCVersionGroup;
			children = (
				77D4D03D1E45C2C3003D5A5F /* FitChallenge.xcdatamodel */,
			);
			currentVersion = 77D4D03D1E45C2C3003D5A5F /* FitChallenge.xcdatamodel */;
			path = FitChallenge.xcdatamodeld;
			sourceTree = "<group>";
			versionGroupType = wrapper.xcdatamodel;
		};
/* End XCVersionGroup section */
	};
	rootObject = 77D4D02A1E45C2C3003D5A5F /* Project object */;
}
