// !$*UTF8*$!
{
	archiveVersion = 1;
	classes = {
	};
	objectVersion = 46;
	objects = {

/* Begin PBXBuildFile section */
		11B148B6DD54C12F7588402D /* Pods_FitChallenge.framework in Frameworks */ = {isa = PBXBuildFile; fileRef = E6DDF64E47D498E9B13C5563 /* Pods_FitChallenge.framework */; };
		773EEBFF1E7026F1002CCD4F /* UserProfileViewController.swift in Sources */ = {isa = PBXBuildFile; fileRef = 773EEBFE1E7026F1002CCD4F /* UserProfileViewController.swift */; };
		773EEC031E702A5A002CCD4F /* StatisticsViewController.swift in Sources */ = {isa = PBXBuildFile; fileRef = 773EEC021E702A5A002CCD4F /* StatisticsViewController.swift */; };
		773EEC051E702A63002CCD4F /* ChallengesViewController.swift in Sources */ = {isa = PBXBuildFile; fileRef = 773EEC041E702A63002CCD4F /* ChallengesViewController.swift */; };
		773EEC071E70306C002CCD4F /* RAMCustomAnimated.swift in Sources */ = {isa = PBXBuildFile; fileRef = 773EEC061E70306C002CCD4F /* RAMCustomAnimated.swift */; };
		77AC25031E6C11C100AC0A8D /* ExerciseCollectionViewController.swift in Sources */ = {isa = PBXBuildFile; fileRef = 77AC24FD1E6C11C100AC0A8D /* ExerciseCollectionViewController.swift */; };
		77AC25041E6C11C100AC0A8D /* FoodCollectionCell.swift in Sources */ = {isa = PBXBuildFile; fileRef = 77AC24FE1E6C11C100AC0A8D /* FoodCollectionCell.swift */; };
		77AC25051E6C11C100AC0A8D /* FoodCollectionViewController.swift in Sources */ = {isa = PBXBuildFile; fileRef = 77AC24FF1E6C11C100AC0A8D /* FoodCollectionViewController.swift */; };
		77AC25061E6C11C100AC0A8D /* FoodCategory.swift in Sources */ = {isa = PBXBuildFile; fileRef = 77AC25001E6C11C100AC0A8D /* FoodCategory.swift */; };
		77AC25071E6C11C100AC0A8D /* ExerciseCategory.swift in Sources */ = {isa = PBXBuildFile; fileRef = 77AC25011E6C11C100AC0A8D /* ExerciseCategory.swift */; };
		77AC25081E6C11C100AC0A8D /* ExerciseCollectionCell.swift in Sources */ = {isa = PBXBuildFile; fileRef = 77AC25021E6C11C100AC0A8D /* ExerciseCollectionCell.swift */; };
		77AC25291E6C332600AC0A8D /* Assets.xcassets in Resources */ = {isa = PBXBuildFile; fileRef = 77AC25281E6C332600AC0A8D /* Assets.xcassets */; };
		77CC1B621F33BB4C002BBD94 /* StepByStepExTableViewCell.swift in Sources */ = {isa = PBXBuildFile; fileRef = 77CC1B611F33BB4C002BBD94 /* StepByStepExTableViewCell.swift */; };
		77D1BAB61F2F2BB4009DBF4B /* Protocols.swift in Sources */ = {isa = PBXBuildFile; fileRef = 77D1BAB51F2F2BB4009DBF4B /* Protocols.swift */; };
		77D1BAB81F2F313B009DBF4B /* MainTabBarViewController.swift in Sources */ = {isa = PBXBuildFile; fileRef = 77D1BAB71F2F313B009DBF4B /* MainTabBarViewController.swift */; };
		77D1BABC1F31ADC7009DBF4B /* PressPList.plist in Resources */ = {isa = PBXBuildFile; fileRef = 77D1BABB1F31ADC7009DBF4B /* PressPList.plist */; };
		77D1BABE1F31ADEB009DBF4B /* ArmsPList.plist in Resources */ = {isa = PBXBuildFile; fileRef = 77D1BABD1F31ADEB009DBF4B /* ArmsPList.plist */; };
		77D1BAC01F31BA09009DBF4B /* DetailExerciseCollectionViewCell.swift in Sources */ = {isa = PBXBuildFile; fileRef = 77D1BABF1F31BA09009DBF4B /* DetailExerciseCollectionViewCell.swift */; };
		77D1BAC21F339E3D009DBF4B /* DetailExerciseViewController.swift in Sources */ = {isa = PBXBuildFile; fileRef = 77D1BAC11F339E3D009DBF4B /* DetailExerciseViewController.swift */; };
		77D4D0361E45C2C3003D5A5F /* AppDelegate.swift in Sources */ = {isa = PBXBuildFile; fileRef = 77D4D0351E45C2C3003D5A5F /* AppDelegate.swift */; };
		77D4D03B1E45C2C3003D5A5F /* Main.storyboard in Resources */ = {isa = PBXBuildFile; fileRef = 77D4D0391E45C2C3003D5A5F /* Main.storyboard */; };
		77D4D03E1E45C2C3003D5A5F /* FitChallenge.xcdatamodeld in Sources */ = {isa = PBXBuildFile; fileRef = 77D4D03C1E45C2C3003D5A5F /* FitChallenge.xcdatamodeld */; };
		77D4D0431E45C2C3003D5A5F /* LaunchScreen.storyboard in Resources */ = {isa = PBXBuildFile; fileRef = 77D4D0411E45C2C3003D5A5F /* LaunchScreen.storyboard */; };
		77E0F5351E6C4B070095CE2A /* Extensions.swift in Sources */ = {isa = PBXBuildFile; fileRef = 77E0F5341E6C4B070095CE2A /* Extensions.swift */; };
		77E0F5371E6C68F90095CE2A /* ExerciseListViewController.swift in Sources */ = {isa = PBXBuildFile; fileRef = 77E0F5361E6C68F90095CE2A /* ExerciseListViewController.swift */; };
		77E0F5621E6C74BE0095CE2A /* after training.jpg in Resources */ = {isa = PBXBuildFile; fileRef = 77E0F55E1E6C74BE0095CE2A /* after training.jpg */; };
		77E0F5631E6C74BE0095CE2A /* before training.jpg in Resources */ = {isa = PBXBuildFile; fileRef = 77E0F55F1E6C74BE0095CE2A /* before training.jpg */; };
		77E0F5641E6C74BE0095CE2A /* for day.jpg in Resources */ = {isa = PBXBuildFile; fileRef = 77E0F5601E6C74BE0095CE2A /* for day.jpg */; };
		77E0F5651E6C74BE0095CE2A /* water.jpg in Resources */ = {isa = PBXBuildFile; fileRef = 77E0F5611E6C74BE0095CE2A /* water.jpg */; };
		77E0F5751E6C78740095CE2A /* b_arms.jpg in Resources */ = {isa = PBXBuildFile; fileRef = 77E0F5681E6C78740095CE2A /* b_arms.jpg */; };
		77E0F5761E6C78740095CE2A /* b_back.jpg in Resources */ = {isa = PBXBuildFile; fileRef = 77E0F5691E6C78740095CE2A /* b_back.jpg */; };
		77E0F5771E6C78740095CE2A /* b_chest.jpg in Resources */ = {isa = PBXBuildFile; fileRef = 77E0F56A1E6C78740095CE2A /* b_chest.jpg */; };
		77E0F5781E6C78740095CE2A /* b_legs.jpg in Resources */ = {isa = PBXBuildFile; fileRef = 77E0F56B1E6C78740095CE2A /* b_legs.jpg */; };
		77E0F5791E6C78740095CE2A /* b_press.jpg in Resources */ = {isa = PBXBuildFile; fileRef = 77E0F56C1E6C78740095CE2A /* b_press.jpg */; };
		77E0F57A1E6C78740095CE2A /* b_shoulders.jpg in Resources */ = {isa = PBXBuildFile; fileRef = 77E0F56D1E6C78740095CE2A /* b_shoulders.jpg */; };
		77E0F57B1E6C78740095CE2A /* g_arms.jpg in Resources */ = {isa = PBXBuildFile; fileRef = 77E0F56F1E6C78740095CE2A /* g_arms.jpg */; };
		77E0F57C1E6C78740095CE2A /* g_back.jpg in Resources */ = {isa = PBXBuildFile; fileRef = 77E0F5701E6C78740095CE2A /* g_back.jpg */; };
		77E0F57D1E6C78740095CE2A /* g_chest.jpg in Resources */ = {isa = PBXBuildFile; fileRef = 77E0F5711E6C78740095CE2A /* g_chest.jpg */; };
		77E0F57E1E6C78740095CE2A /* g_legs.jpg in Resources */ = {isa = PBXBuildFile; fileRef = 77E0F5721E6C78740095CE2A /* g_legs.jpg */; };
		77E0F57F1E6C78740095CE2A /* g_press.jpg in Resources */ = {isa = PBXBuildFile; fileRef = 77E0F5731E6C78740095CE2A /* g_press.jpg */; };
		77E0F5801E6C78740095CE2A /* g_shoulders.jpg in Resources */ = {isa = PBXBuildFile; fileRef = 77E0F5741E6C78740095CE2A /* g_shoulders.jpg */; };
/* End PBXBuildFile section */

/* Begin PBXFileReference section */
		67181C2CB82D1969A49165E6 /* Pods-FitChallenge.debug.xcconfig */ = {isa = PBXFileReference; includeInIndex = 1; lastKnownFileType = text.xcconfig; name = "Pods-FitChallenge.debug.xcconfig"; path = "Pods/Target Support Files/Pods-FitChallenge/Pods-FitChallenge.debug.xcconfig"; sourceTree = "<group>"; };
		773EEBFE1E7026F1002CCD4F /* UserProfileViewController.swift */ = {isa = PBXFileReference; fileEncoding = 4; lastKnownFileType = sourcecode.swift; path = UserProfileViewController.swift; sourceTree = "<group>"; };
		773EEC021E702A5A002CCD4F /* StatisticsViewController.swift */ = {isa = PBXFileReference; fileEncoding = 4; lastKnownFileType = sourcecode.swift; path = StatisticsViewController.swift; sourceTree = "<group>"; };
		773EEC041E702A63002CCD4F /* ChallengesViewController.swift */ = {isa = PBXFileReference; fileEncoding = 4; lastKnownFileType = sourcecode.swift; path = ChallengesViewController.swift; sourceTree = "<group>"; };
		773EEC061E70306C002CCD4F /* RAMCustomAnimated.swift */ = {isa = PBXFileReference; fileEncoding = 4; lastKnownFileType = sourcecode.swift; path = RAMCustomAnimated.swift; sourceTree = "<group>"; };
		77AC24FD1E6C11C100AC0A8D /* ExerciseCollectionViewController.swift */ = {isa = PBXFileReference; fileEncoding = 4; lastKnownFileType = sourcecode.swift; path = ExerciseCollectionViewController.swift; sourceTree = "<group>"; };
		77AC24FE1E6C11C100AC0A8D /* FoodCollectionCell.swift */ = {isa = PBXFileReference; fileEncoding = 4; lastKnownFileType = sourcecode.swift; path = FoodCollectionCell.swift; sourceTree = "<group>"; };
		77AC24FF1E6C11C100AC0A8D /* FoodCollectionViewController.swift */ = {isa = PBXFileReference; fileEncoding = 4; lastKnownFileType = sourcecode.swift; path = FoodCollectionViewController.swift; sourceTree = "<group>"; };
		77AC25001E6C11C100AC0A8D /* FoodCategory.swift */ = {isa = PBXFileReference; fileEncoding = 4; lastKnownFileType = sourcecode.swift; path = FoodCategory.swift; sourceTree = "<group>"; };
		77AC25011E6C11C100AC0A8D /* ExerciseCategory.swift */ = {isa = PBXFileReference; fileEncoding = 4; lastKnownFileType = sourcecode.swift; path = ExerciseCategory.swift; sourceTree = "<group>"; };
		77AC25021E6C11C100AC0A8D /* ExerciseCollectionCell.swift */ = {isa = PBXFileReference; fileEncoding = 4; lastKnownFileType = sourcecode.swift; path = ExerciseCollectionCell.swift; sourceTree = "<group>"; };
		77AC25281E6C332600AC0A8D /* Assets.xcassets */ = {isa = PBXFileReference; lastKnownFileType = folder.assetcatalog; path = Assets.xcassets; sourceTree = "<group>"; };
		77CC1B611F33BB4C002BBD94 /* StepByStepExTableViewCell.swift */ = {isa = PBXFileReference; fileEncoding = 4; lastKnownFileType = sourcecode.swift; path = StepByStepExTableViewCell.swift; sourceTree = "<group>"; };
		77D1BAB51F2F2BB4009DBF4B /* Protocols.swift */ = {isa = PBXFileReference; fileEncoding = 4; lastKnownFileType = sourcecode.swift; path = Protocols.swift; sourceTree = "<group>"; };
		77D1BAB71F2F313B009DBF4B /* MainTabBarViewController.swift */ = {isa = PBXFileReference; fileEncoding = 4; lastKnownFileType = sourcecode.swift; path = MainTabBarViewController.swift; sourceTree = "<group>"; };
		77D1BABB1F31ADC7009DBF4B /* PressPList.plist */ = {isa = PBXFileReference; fileEncoding = 4; lastKnownFileType = text.plist.xml; path = PressPList.plist; sourceTree = "<group>"; };
		77D1BABD1F31ADEB009DBF4B /* ArmsPList.plist */ = {isa = PBXFileReference; fileEncoding = 4; lastKnownFileType = text.plist.xml; path = ArmsPList.plist; sourceTree = "<group>"; };
		77D1BABF1F31BA09009DBF4B /* DetailExerciseCollectionViewCell.swift */ = {isa = PBXFileReference; fileEncoding = 4; lastKnownFileType = sourcecode.swift; path = DetailExerciseCollectionViewCell.swift; sourceTree = "<group>"; };
		77D1BAC11F339E3D009DBF4B /* DetailExerciseViewController.swift */ = {isa = PBXFileReference; fileEncoding = 4; lastKnownFileType = sourcecode.swift; path = DetailExerciseViewController.swift; sourceTree = "<group>"; };
		77D4D0321E45C2C3003D5A5F /* FitChallenge.app */ = {isa = PBXFileReference; explicitFileType = wrapper.application; includeInIndex = 0; path = FitChallenge.app; sourceTree = BUILT_PRODUCTS_DIR; };
		77D4D0351E45C2C3003D5A5F /* AppDelegate.swift */ = {isa = PBXFileReference; lastKnownFileType = sourcecode.swift; path = AppDelegate.swift; sourceTree = "<group>"; };
		77D4D03A1E45C2C3003D5A5F /* Base */ = {isa = PBXFileReference; lastKnownFileType = file.storyboard; name = Base; path = Base.lproj/Main.storyboard; sourceTree = "<group>"; };
		77D4D03D1E45C2C3003D5A5F /* FitChallenge.xcdatamodel */ = {isa = PBXFileReference; lastKnownFileType = wrapper.xcdatamodel; path = FitChallenge.xcdatamodel; sourceTree = "<group>"; };
		77D4D0421E45C2C3003D5A5F /* Base */ = {isa = PBXFileReference; lastKnownFileType = file.storyboard; name = Base; path = Base.lproj/LaunchScreen.storyboard; sourceTree = "<group>"; };
		77D4D0441E45C2C3003D5A5F /* Info.plist */ = {isa = PBXFileReference; lastKnownFileType = text.plist.xml; path = Info.plist; sourceTree = "<group>"; };
		77E0F5341E6C4B070095CE2A /* Extensions.swift */ = {isa = PBXFileReference; fileEncoding = 4; lastKnownFileType = sourcecode.swift; path = Extensions.swift; sourceTree = "<group>"; };
		77E0F5361E6C68F90095CE2A /* ExerciseListViewController.swift */ = {isa = PBXFileReference; fileEncoding = 4; lastKnownFileType = sourcecode.swift; path = ExerciseListViewController.swift; sourceTree = "<group>"; };
		77E0F55E1E6C74BE0095CE2A /* after training.jpg */ = {isa = PBXFileReference; lastKnownFileType = image.jpeg; path = "after training.jpg"; sourceTree = "<group>"; };
		77E0F55F1E6C74BE0095CE2A /* before training.jpg */ = {isa = PBXFileReference; lastKnownFileType = image.jpeg; path = "before training.jpg"; sourceTree = "<group>"; };
		77E0F5601E6C74BE0095CE2A /* for day.jpg */ = {isa = PBXFileReference; lastKnownFileType = image.jpeg; path = "for day.jpg"; sourceTree = "<group>"; };
		77E0F5611E6C74BE0095CE2A /* water.jpg */ = {isa = PBXFileReference; lastKnownFileType = image.jpeg; path = water.jpg; sourceTree = "<group>"; };
		77E0F5681E6C78740095CE2A /* b_arms.jpg */ = {isa = PBXFileReference; lastKnownFileType = image.jpeg; path = b_arms.jpg; sourceTree = "<group>"; };
		77E0F5691E6C78740095CE2A /* b_back.jpg */ = {isa = PBXFileReference; lastKnownFileType = image.jpeg; path = b_back.jpg; sourceTree = "<group>"; };
		77E0F56A1E6C78740095CE2A /* b_chest.jpg */ = {isa = PBXFileReference; lastKnownFileType = image.jpeg; path = b_chest.jpg; sourceTree = "<group>"; };
		77E0F56B1E6C78740095CE2A /* b_legs.jpg */ = {isa = PBXFileReference; lastKnownFileType = image.jpeg; path = b_legs.jpg; sourceTree = "<group>"; };
		77E0F56C1E6C78740095CE2A /* b_press.jpg */ = {isa = PBXFileReference; lastKnownFileType = image.jpeg; path = b_press.jpg; sourceTree = "<group>"; };
		77E0F56D1E6C78740095CE2A /* b_shoulders.jpg */ = {isa = PBXFileReference; lastKnownFileType = image.jpeg; path = b_shoulders.jpg; sourceTree = "<group>"; };
		77E0F56F1E6C78740095CE2A /* g_arms.jpg */ = {isa = PBXFileReference; lastKnownFileType = image.jpeg; path = g_arms.jpg; sourceTree = "<group>"; };
		77E0F5701E6C78740095CE2A /* g_back.jpg */ = {isa = PBXFileReference; lastKnownFileType = image.jpeg; path = g_back.jpg; sourceTree = "<group>"; };
		77E0F5711E6C78740095CE2A /* g_chest.jpg */ = {isa = PBXFileReference; lastKnownFileType = image.jpeg; path = g_chest.jpg; sourceTree = "<group>"; };
		77E0F5721E6C78740095CE2A /* g_legs.jpg */ = {isa = PBXFileReference; lastKnownFileType = image.jpeg; path = g_legs.jpg; sourceTree = "<group>"; };
		77E0F5731E6C78740095CE2A /* g_press.jpg */ = {isa = PBXFileReference; lastKnownFileType = image.jpeg; path = g_press.jpg; sourceTree = "<group>"; };
		77E0F5741E6C78740095CE2A /* g_shoulders.jpg */ = {isa = PBXFileReference; lastKnownFileType = image.jpeg; path = g_shoulders.jpg; sourceTree = "<group>"; };
		E6DDF64E47D498E9B13C5563 /* Pods_FitChallenge.framework */ = {isa = PBXFileReference; explicitFileType = wrapper.framework; includeInIndex = 0; path = Pods_FitChallenge.framework; sourceTree = BUILT_PRODUCTS_DIR; };
		FC25E68F9ECA5219553B4F53 /* Pods-FitChallenge.release.xcconfig */ = {isa = PBXFileReference; includeInIndex = 1; lastKnownFileType = text.xcconfig; name = "Pods-FitChallenge.release.xcconfig"; path = "Pods/Target Support Files/Pods-FitChallenge/Pods-FitChallenge.release.xcconfig"; sourceTree = "<group>"; };
/* End PBXFileReference section */

/* Begin PBXFrameworksBuildPhase section */
		77D4D02F1E45C2C3003D5A5F /* Frameworks */ = {
			isa = PBXFrameworksBuildPhase;
			buildActionMask = 2147483647;
			files = (
				11B148B6DD54C12F7588402D /* Pods_FitChallenge.framework in Frameworks */,
			);
			runOnlyForDeploymentPostprocessing = 0;
		};
/* End PBXFrameworksBuildPhase section */

/* Begin PBXGroup section */
		555BA149B5ACFB6269DF8E56 /* Frameworks */ = {
			isa = PBXGroup;
			children = (
				E6DDF64E47D498E9B13C5563 /* Pods_FitChallenge.framework */,
			);
			name = Frameworks;
			sourceTree = "<group>";
		};
		6C45055E6E444F68CB5C2617 /* Pods */ = {
			isa = PBXGroup;
			children = (
				67181C2CB82D1969A49165E6 /* Pods-FitChallenge.debug.xcconfig */,
				FC25E68F9ECA5219553B4F53 /* Pods-FitChallenge.release.xcconfig */,
			);
			name = Pods;
			sourceTree = "<group>";
		};
		77AC25091E6C120C00AC0A8D /* View */ = {
			isa = PBXGroup;
			children = (
				77AC25021E6C11C100AC0A8D /* ExerciseCollectionCell.swift */,
				77AC24FE1E6C11C100AC0A8D /* FoodCollectionCell.swift */,
				773EEC061E70306C002CCD4F /* RAMCustomAnimated.swift */,
				77D1BABF1F31BA09009DBF4B /* DetailExerciseCollectionViewCell.swift */,
				77CC1B611F33BB4C002BBD94 /* StepByStepExTableViewCell.swift */,
			);
			path = View;
			sourceTree = "<group>";
		};
		77AC250A1E6C121500AC0A8D /* Controller */ = {
			isa = PBXGroup;
			children = (
				773EEC041E702A63002CCD4F /* ChallengesViewController.swift */,
				77AC24FD1E6C11C100AC0A8D /* ExerciseCollectionViewController.swift */,
				77E0F5361E6C68F90095CE2A /* ExerciseListViewController.swift */,
				77AC24FF1E6C11C100AC0A8D /* FoodCollectionViewController.swift */,
				77D1BAC11F339E3D009DBF4B /* DetailExerciseViewController.swift */,
				773EEC021E702A5A002CCD4F /* StatisticsViewController.swift */,
				773EEBFE1E7026F1002CCD4F /* UserProfileViewController.swift */,
				77D1BAB51F2F2BB4009DBF4B /* Protocols.swift */,
				77D1BAB71F2F313B009DBF4B /* MainTabBarViewController.swift */,
			);
			path = Controller;
			sourceTree = "<group>";
		};
		77AC250B1E6C121E00AC0A8D /* Model */ = {
			isa = PBXGroup;
			children = (
				77AC25011E6C11C100AC0A8D /* ExerciseCategory.swift */,
				77AC25001E6C11C100AC0A8D /* FoodCategory.swift */,
			);
			path = Model;
			sourceTree = "<group>";
		};
		77D4D0291E45C2C3003D5A5F = {
			isa = PBXGroup;
			children = (
				77D4D0341E45C2C3003D5A5F /* FitChallenge */,
				555BA149B5ACFB6269DF8E56 /* Frameworks */,
				6C45055E6E444F68CB5C2617 /* Pods */,
				77D4D0331E45C2C3003D5A5F /* Products */,
			);
			sourceTree = "<group>";
		};
		77D4D0331E45C2C3003D5A5F /* Products */ = {
			isa = PBXGroup;
			children = (
				77D4D0321E45C2C3003D5A5F /* FitChallenge.app */,
			);
			name = Products;
			sourceTree = "<group>";
		};
		77D4D0341E45C2C3003D5A5F /* FitChallenge */ = {
			isa = PBXGroup;
			children = (
				77E0F5381E6C69EC0095CE2A /* Images */,
				77AC250A1E6C121500AC0A8D /* Controller */,
				77AC250B1E6C121E00AC0A8D /* Model */,
				77AC25091E6C120C00AC0A8D /* View */,
				77D4D0351E45C2C3003D5A5F /* AppDelegate.swift */,
				77AC25281E6C332600AC0A8D /* Assets.xcassets */,
				77E0F5341E6C4B070095CE2A /* Extensions.swift */,
				77D1BABD1F31ADEB009DBF4B /* ArmsPList.plist */,
				77D1BABB1F31ADC7009DBF4B /* PressPList.plist */,
				77D4D03C1E45C2C3003D5A5F /* FitChallenge.xcdatamodeld */,
				77D4D0441E45C2C3003D5A5F /* Info.plist */,
				77D4D0411E45C2C3003D5A5F /* LaunchScreen.storyboard */,
				77D4D0391E45C2C3003D5A5F /* Main.storyboard */,
			);
			path = FitChallenge;
			sourceTree = "<group>";
		};
		77E0F5381E6C69EC0095CE2A /* Images */ = {
			isa = PBXGroup;
			children = (
				77E0F5661E6C78740095CE2A /* Exercises Preview */,
				77E0F55D1E6C74BE0095CE2A /* Food */,
			);
			path = Images;
			sourceTree = "<group>";
		};
		77E0F55D1E6C74BE0095CE2A /* Food */ = {
			isa = PBXGroup;
			children = (
				77E0F55E1E6C74BE0095CE2A /* after training.jpg */,
				77E0F55F1E6C74BE0095CE2A /* before training.jpg */,
				77E0F5601E6C74BE0095CE2A /* for day.jpg */,
				77E0F5611E6C74BE0095CE2A /* water.jpg */,
			);
			path = Food;
			sourceTree = "<group>";
		};
		77E0F5661E6C78740095CE2A /* Exercises Preview */ = {
			isa = PBXGroup;
			children = (
				77E0F5671E6C78740095CE2A /* Boy */,
				77E0F56E1E6C78740095CE2A /* Girl */,
			);
			path = "Exercises Preview";
			sourceTree = "<group>";
		};
		77E0F5671E6C78740095CE2A /* Boy */ = {
			isa = PBXGroup;
			children = (
				77E0F5681E6C78740095CE2A /* b_arms.jpg */,
				77E0F5691E6C78740095CE2A /* b_back.jpg */,
				77E0F56A1E6C78740095CE2A /* b_chest.jpg */,
				77E0F56B1E6C78740095CE2A /* b_legs.jpg */,
				77E0F56C1E6C78740095CE2A /* b_press.jpg */,
				77E0F56D1E6C78740095CE2A /* b_shoulders.jpg */,
			);
			path = Boy;
			sourceTree = "<group>";
		};
		77E0F56E1E6C78740095CE2A /* Girl */ = {
			isa = PBXGroup;
			children = (
				77E0F56F1E6C78740095CE2A /* g_arms.jpg */,
				77E0F5701E6C78740095CE2A /* g_back.jpg */,
				77E0F5711E6C78740095CE2A /* g_chest.jpg */,
				77E0F5721E6C78740095CE2A /* g_legs.jpg */,
				77E0F5731E6C78740095CE2A /* g_press.jpg */,
				77E0F5741E6C78740095CE2A /* g_shoulders.jpg */,
			);
			path = Girl;
			sourceTree = "<group>";
		};
/* End PBXGroup section */

/* Begin PBXNativeTarget section */
		77D4D0311E45C2C3003D5A5F /* FitChallenge */ = {
			isa = PBXNativeTarget;
			buildConfigurationList = 77D4D0471E45C2C3003D5A5F /* Build configuration list for PBXNativeTarget "FitChallenge" */;
			buildPhases = (
				B2F3028984C76D8592625A00 /* [CP] Check Pods Manifest.lock */,
				77D4D02E1E45C2C3003D5A5F /* Sources */,
				77D4D02F1E45C2C3003D5A5F /* Frameworks */,
				77D4D0301E45C2C3003D5A5F /* Resources */,
				84701CDAF317FCD5205B6FD6 /* [CP] Embed Pods Frameworks */,
				78ACB6D7E52B1906D0FEE7F2 /* [CP] Copy Pods Resources */,
			);
			buildRules = (
			);
			dependencies = (
			);
			name = FitChallenge;
			productName = FitChallenge;
			productReference = 77D4D0321E45C2C3003D5A5F /* FitChallenge.app */;
			productType = "com.apple.product-type.application";
		};
/* End PBXNativeTarget section */

/* Begin PBXProject section */
		77D4D02A1E45C2C3003D5A5F /* Project object */ = {
			isa = PBXProject;
			attributes = {
				LastSwiftUpdateCheck = 0820;
				LastUpgradeCheck = 0820;
				ORGANIZATIONNAME = "Anton Makarov";
				TargetAttributes = {
					77D4D0311E45C2C3003D5A5F = {
						CreatedOnToolsVersion = 8.2.1;
						DevelopmentTeam = RA8RP8Z7ML;
						ProvisioningStyle = Automatic;
					};
				};
			};
			buildConfigurationList = 77D4D02D1E45C2C3003D5A5F /* Build configuration list for PBXProject "FitChallenge" */;
			compatibilityVersion = "Xcode 3.2";
			developmentRegion = English;
			hasScannedForEncodings = 0;
			knownRegions = (
				en,
				Base,
			);
			mainGroup = 77D4D0291E45C2C3003D5A5F;
			productRefGroup = 77D4D0331E45C2C3003D5A5F /* Products */;
			projectDirPath = "";
			projectRoot = "";
			targets = (
				77D4D0311E45C2C3003D5A5F /* FitChallenge */,
			);
		};
/* End PBXProject section */

/* Begin PBXResourcesBuildPhase section */
		77D4D0301E45C2C3003D5A5F /* Resources */ = {
			isa = PBXResourcesBuildPhase;
			buildActionMask = 2147483647;
			files = (
				77E0F57E1E6C78740095CE2A /* g_legs.jpg in Resources */,
				77E0F5771E6C78740095CE2A /* b_chest.jpg in Resources */,
				77E0F5801E6C78740095CE2A /* g_shoulders.jpg in Resources */,
				77E0F5781E6C78740095CE2A /* b_legs.jpg in Resources */,
				77D4D0431E45C2C3003D5A5F /* LaunchScreen.storyboard in Resources */,
				77E0F5761E6C78740095CE2A /* b_back.jpg in Resources */,
				77E0F5791E6C78740095CE2A /* b_press.jpg in Resources */,
				77AC25291E6C332600AC0A8D /* Assets.xcassets in Resources */,
				77E0F57F1E6C78740095CE2A /* g_press.jpg in Resources */,
				77E0F57B1E6C78740095CE2A /* g_arms.jpg in Resources */,
				77E0F57D1E6C78740095CE2A /* g_chest.jpg in Resources */,
				77E0F5631E6C74BE0095CE2A /* before training.jpg in Resources */,
				77E0F5641E6C74BE0095CE2A /* for day.jpg in Resources */,
				77E0F5651E6C74BE0095CE2A /* water.jpg in Resources */,
				77D1BABE1F31ADEB009DBF4B /* ArmsPList.plist in Resources */,
				77E0F5751E6C78740095CE2A /* b_arms.jpg in Resources */,
				77E0F57C1E6C78740095CE2A /* g_back.jpg in Resources */,
				77D4D03B1E45C2C3003D5A5F /* Main.storyboard in Resources */,
				77E0F57A1E6C78740095CE2A /* b_shoulders.jpg in Resources */,
				77E0F5621E6C74BE0095CE2A /* after training.jpg in Resources */,
				77D1BABC1F31ADC7009DBF4B /* PressPList.plist in Resources */,
			);
			runOnlyForDeploymentPostprocessing = 0;
		};
/* End PBXResourcesBuildPhase section */

/* Begin PBXShellScriptBuildPhase section */
		78ACB6D7E52B1906D0FEE7F2 /* [CP] Copy Pods Resources */ = {
			isa = PBXShellScriptBuildPhase;
			buildActionMask = 2147483647;
			files = (
			);
			inputPaths = (
			);
			name = "[CP] Copy Pods Resources";
			outputPaths = (
			);
			runOnlyForDeploymentPostprocessing = 0;
			shellPath = /bin/sh;
			shellScript = "\"${SRCROOT}/Pods/Target Support Files/Pods-FitChallenge/Pods-FitChallenge-resources.sh\"\n";
			showEnvVarsInLog = 0;
		};
		84701CDAF317FCD5205B6FD6 /* [CP] Embed Pods Frameworks */ = {
			isa = PBXShellScriptBuildPhase;
			buildActionMask = 2147483647;
			files = (
			);
			inputPaths = (
			);
			name = "[CP] Embed Pods Frameworks";
			outputPaths = (
			);
			runOnlyForDeploymentPostprocessing = 0;
			shellPath = /bin/sh;
			shellScript = "\"${SRCROOT}/Pods/Target Support Files/Pods-FitChallenge/Pods-FitChallenge-frameworks.sh\"\n";
			showEnvVarsInLog = 0;
		};
		B2F3028984C76D8592625A00 /* [CP] Check Pods Manifest.lock */ = {
			isa = PBXShellScriptBuildPhase;
			buildActionMask = 2147483647;
			files = (
			);
			inputPaths = (
			);
			name = "[CP] Check Pods Manifest.lock";
			outputPaths = (
			);
			runOnlyForDeploymentPostprocessing = 0;
			shellPath = /bin/sh;
			shellScript = "diff \"${PODS_ROOT}/../Podfile.lock\" \"${PODS_ROOT}/Manifest.lock\" > /dev/null\nif [ $? != 0 ] ; then\n    # print error to STDERR\n    echo \"error: The sandbox is not in sync with the Podfile.lock. Run 'pod install' or update your CocoaPods installation.\" >&2\n    exit 1\nfi\n";
			showEnvVarsInLog = 0;
		};
/* End PBXShellScriptBuildPhase section */

/* Begin PBXSourcesBuildPhase section */
		77D4D02E1E45C2C3003D5A5F /* Sources */ = {
			isa = PBXSourcesBuildPhase;
			buildActionMask = 2147483647;
			files = (
				77D1BAB61F2F2BB4009DBF4B /* Protocols.swift in Sources */,
				77E0F5371E6C68F90095CE2A /* ExerciseListViewController.swift in Sources */,
				773EEBFF1E7026F1002CCD4F /* UserProfileViewController.swift in Sources */,
				773EEC051E702A63002CCD4F /* ChallengesViewController.swift in Sources */,
				77AC25051E6C11C100AC0A8D /* FoodCollectionViewController.swift in Sources */,
				77D1BAC21F339E3D009DBF4B /* DetailExerciseViewController.swift in Sources */,
				77E0F5351E6C4B070095CE2A /* Extensions.swift in Sources */,
				77AC25031E6C11C100AC0A8D /* ExerciseCollectionViewController.swift in Sources */,
				77AC25041E6C11C100AC0A8D /* FoodCollectionCell.swift in Sources */,
				77D4D03E1E45C2C3003D5A5F /* FitChallenge.xcdatamodeld in Sources */,
				77D1BAB81F2F313B009DBF4B /* MainTabBarViewController.swift in Sources */,
				77AC25061E6C11C100AC0A8D /* FoodCategory.swift in Sources */,
				773EEC071E70306C002CCD4F /* RAMCustomAnimated.swift in Sources */,
				77D4D0361E45C2C3003D5A5F /* AppDelegate.swift in Sources */,
				77AC25081E6C11C100AC0A8D /* ExerciseCollectionCell.swift in Sources */,
				77AC25071E6C11C100AC0A8D /* ExerciseCategory.swift in Sources */,
				77CC1B621F33BB4C002BBD94 /* StepByStepExTableViewCell.swift in Sources */,
				77D1BAC01F31BA09009DBF4B /* DetailExerciseCollectionViewCell.swift in Sources */,
				773EEC031E702A5A002CCD4F /* StatisticsViewController.swift in Sources */,
			);
			runOnlyForDeploymentPostprocessing = 0;
		};
/* End PBXSourcesBuildPhase section */

/* Begin PBXVariantGroup section */
		77D4D0391E45C2C3003D5A5F /* Main.storyboard */ = {
			isa = PBXVariantGroup;
			children = (
				77D4D03A1E45C2C3003D5A5F /* Base */,
			);
			name = Main.storyboard;
			path = .;
			sourceTree = "<group>";
		};
		77D4D0411E45C2C3003D5A5F /* LaunchScreen.storyboard */ = {
			isa = PBXVariantGroup;
			children = (
				77D4D0421E45C2C3003D5A5F /* Base */,
			);
			name = LaunchScreen.storyboard;
			path = .;
			sourceTree = "<group>";
		};
/* End PBXVariantGroup section */

/* Begin XCBuildConfiguration section */
		77D4D0451E45C2C3003D5A5F /* Debug */ = {
			isa = XCBuildConfiguration;
			buildSettings = {
				ALWAYS_SEARCH_USER_PATHS = NO;
				CLANG_ANALYZER_NONNULL = YES;
				CLANG_CXX_LANGUAGE_STANDARD = "gnu++0x";
				CLANG_CXX_LIBRARY = "libc++";
				CLANG_ENABLE_MODULES = YES;
				CLANG_ENABLE_OBJC_ARC = YES;
				CLANG_WARN_BOOL_CONVERSION = YES;
				CLANG_WARN_CONSTANT_CONVERSION = YES;
				CLANG_WARN_DIRECT_OBJC_ISA_USAGE = YES_ERROR;
				CLANG_WARN_DOCUMENTATION_COMMENTS = YES;
				CLANG_WARN_EMPTY_BODY = YES;
				CLANG_WARN_ENUM_CONVERSION = YES;
				CLANG_WARN_INFINITE_RECURSION = YES;
				CLANG_WARN_INT_CONVERSION = YES;
				CLANG_WARN_OBJC_ROOT_CLASS = YES_ERROR;
				CLANG_WARN_SUSPICIOUS_MOVE = YES;
				CLANG_WARN_UNREACHABLE_CODE = YES;
				CLANG_WARN__DUPLICATE_METHOD_MATCH = YES;
				"CODE_SIGN_IDENTITY[sdk=iphoneos*]" = "iPhone Developer";
				COPY_PHASE_STRIP = NO;
				DEBUG_INFORMATION_FORMAT = dwarf;
				ENABLE_STRICT_OBJC_MSGSEND = YES;
				ENABLE_TESTABILITY = YES;
				GCC_C_LANGUAGE_STANDARD = gnu99;
				GCC_DYNAMIC_NO_PIC = NO;
				GCC_NO_COMMON_BLOCKS = YES;
				GCC_OPTIMIZATION_LEVEL = 0;
				GCC_PREPROCESSOR_DEFINITIONS = (
					"DEBUG=1",
					"$(inherited)",
				);
				GCC_WARN_64_TO_32_BIT_CONVERSION = YES;
				GCC_WARN_ABOUT_RETURN_TYPE = YES_ERROR;
				GCC_WARN_UNDECLARED_SELECTOR = YES;
				GCC_WARN_UNINITIALIZED_AUTOS = YES_AGGRESSIVE;
				GCC_WARN_UNUSED_FUNCTION = YES;
				GCC_WARN_UNUSED_VARIABLE = YES;
				IPHONEOS_DEPLOYMENT_TARGET = 10.2;
				MTL_ENABLE_DEBUG_INFO = YES;
				ONLY_ACTIVE_ARCH = YES;
				SDKROOT = iphoneos;
				SWIFT_ACTIVE_COMPILATION_CONDITIONS = DEBUG;
				SWIFT_OPTIMIZATION_LEVEL = "-Onone";
			};
			name = Debug;
		};
		77D4D0461E45C2C3003D5A5F /* Release */ = {
			isa = XCBuildConfiguration;
			buildSettings = {
				ALWAYS_SEARCH_USER_PATHS = NO;
				CLANG_ANALYZER_NONNULL = YES;
				CLANG_CXX_LANGUAGE_STANDARD = "gnu++0x";
				CLANG_CXX_LIBRARY = "libc++";
				CLANG_ENABLE_MODULES = YES;
				CLANG_ENABLE_OBJC_ARC = YES;
				CLANG_WARN_BOOL_CONVERSION = YES;
				CLANG_WARN_CONSTANT_CONVERSION = YES;
				CLANG_WARN_DIRECT_OBJC_ISA_USAGE = YES_ERROR;
				CLANG_WARN_DOCUMENTATION_COMMENTS = YES;
				CLANG_WARN_EMPTY_BODY = YES;
				CLANG_WARN_ENUM_CONVERSION = YES;
				CLANG_WARN_INFINITE_RECURSION = YES;
				CLANG_WARN_INT_CONVERSION = YES;
				CLANG_WARN_OBJC_ROOT_CLASS = YES_ERROR;
				CLANG_WARN_SUSPICIOUS_MOVE = YES;
				CLANG_WARN_UNREACHABLE_CODE = YES;
				CLANG_WARN__DUPLICATE_METHOD_MATCH = YES;
				"CODE_SIGN_IDENTITY[sdk=iphoneos*]" = "iPhone Developer";
				COPY_PHASE_STRIP = NO;
				DEBUG_INFORMATION_FORMAT = "dwarf-with-dsym";
				ENABLE_NS_ASSERTIONS = NO;
				ENABLE_STRICT_OBJC_MSGSEND = YES;
				GCC_C_LANGUAGE_STANDARD = gnu99;
				GCC_NO_COMMON_BLOCKS = YES;
				GCC_WARN_64_TO_32_BIT_CONVERSION = YES;
				GCC_WARN_ABOUT_RETURN_TYPE = YES_ERROR;
				GCC_WARN_UNDECLARED_SELECTOR = YES;
				GCC_WARN_UNINITIALIZED_AUTOS = YES_AGGRESSIVE;
				GCC_WARN_UNUSED_FUNCTION = YES;
				GCC_WARN_UNUSED_VARIABLE = YES;
				IPHONEOS_DEPLOYMENT_TARGET = 10.2;
				MTL_ENABLE_DEBUG_INFO = NO;
				SDKROOT = iphoneos;
				SWIFT_OPTIMIZATION_LEVEL = "-Owholemodule";
				VALIDATE_PRODUCT = YES;
			};
			name = Release;
		};
		77D4D0481E45C2C3003D5A5F /* Debug */ = {
			isa = XCBuildConfiguration;
			baseConfigurationReference = 67181C2CB82D1969A49165E6 /* Pods-FitChallenge.debug.xcconfig */;
			buildSettings = {
				ASSETCATALOG_COMPILER_APPICON_NAME = AppIcon;
				DEVELOPMENT_TEAM = RA8RP8Z7ML;
				INFOPLIST_FILE = FitChallenge/Info.plist;
				LD_RUNPATH_SEARCH_PATHS = "$(inherited) @executable_path/Frameworks";
				PRODUCT_BUNDLE_IDENTIFIER = "ITMak.FitChallenge-0.1";
				PRODUCT_NAME = "$(TARGET_NAME)";
				SWIFT_VERSION = 3.0;
			};
			name = Debug;
		};
		77D4D0491E45C2C3003D5A5F /* Release */ = {
			isa = XCBuildConfiguration;
			baseConfigurationReference = FC25E68F9ECA5219553B4F53 /* Pods-FitChallenge.release.xcconfig */;
			buildSettings = {
				ASSETCATALOG_COMPILER_APPICON_NAME = AppIcon;
				DEVELOPMENT_TEAM = RA8RP8Z7ML;
				INFOPLIST_FILE = FitChallenge/Info.plist;
				LD_RUNPATH_SEARCH_PATHS = "$(inherited) @executable_path/Frameworks";
				PRODUCT_BUNDLE_IDENTIFIER = "ITMak.FitChallenge-0.1";
				PRODUCT_NAME = "$(TARGET_NAME)";
				SWIFT_VERSION = 3.0;
			};
			name = Release;
		};
/* End XCBuildConfiguration section */

/* Begin XCConfigurationList section */
		77D4D02D1E45C2C3003D5A5F /* Build configuration list for PBXProject "FitChallenge" */ = {
			isa = XCConfigurationList;
			buildConfigurations = (
				77D4D0451E45C2C3003D5A5F /* Debug */,
				77D4D0461E45C2C3003D5A5F /* Release */,
			);
			defaultConfigurationIsVisible = 0;
			defaultConfigurationName = Release;
		};
		77D4D0471E45C2C3003D5A5F /* Build configuration list for PBXNativeTarget "FitChallenge" */ = {
			isa = XCConfigurationList;
			buildConfigurations = (
				77D4D0481E45C2C3003D5A5F /* Debug */,
				77D4D0491E45C2C3003D5A5F /* Release */,
			);
			defaultConfigurationIsVisible = 0;
			defaultConfigurationName = Release;
		};
/* End XCConfigurationList section */

/* Begin XCVersionGroup section */
		77D4D03C1E45C2C3003D5A5F /* FitChallenge.xcdatamodeld */ = {
			isa = XCVersionGroup;
			children = (
				77D4D03D1E45C2C3003D5A5F /* FitChallenge.xcdatamodel */,
			);
			currentVersion = 77D4D03D1E45C2C3003D5A5F /* FitChallenge.xcdatamodel */;
			path = FitChallenge.xcdatamodeld;
			sourceTree = "<group>";
			versionGroupType = wrapper.xcdatamodel;
		};
/* End XCVersionGroup section */
	};
	rootObject = 77D4D02A1E45C2C3003D5A5F /* Project object */;
}
